{
  "name": "jev-organize",
  "version": "0.1.0",
  "lockfileVersion": 3,
  "requires": true,
  "packages": {
    "": {
      "name": "jev-organize",
      "version": "0.1.0",
      "license": "MIT",
      "bin": {
        "jev-organize": "bin/jev-organize.mjs"
      },
      "engines": {
        "node": ">=22.9"
      }
    }
  }
}
